// !$*UTF8*$!
{
	archiveVersion = 1;
	classes = {
	};
	objectVersion = 56;
	objects = {

/* Begin PBXBuildFile section */
		88D8FDA82DF05E0E009F56EA /* AppDelegate.swift in Sources */ = {isa = PBXBuildFile; fileRef = 88D8FDA72DF05E0E009F56EA /* AppDelegate.swift */; };
		88D8FDAA2DF05E0E009F56EA /* SceneDelegate.swift in Sources */ = {isa = PBXBuildFile; fileRef = 88D8FDA92DF05E0E009F56EA /* SceneDelegate.swift */; };
		88D8FDAC2DF05E0E009F56EA /* ViewController.swift in Sources */ = {isa = PBXBuildFile; fileRef = 88D8FDAB2DF05E0E009F56EA /* ViewController.swift */; };
		88D8FDAF2DF05E0E009F56EA /* Main.storyboard in Resources */ = {isa = PBXBuildFile; fileRef = 88D8FDAD2DF05E0E009F56EA /* Main.storyboard */; };
		88D8FDB12DF05E10009F56EA /* Assets.xcassets in Resources */ = {isa = PBXBuildFile; fileRef = 88D8FDB02DF05E10009F56EA /* Assets.xcassets */; };
		88D8FDB42DF05E10009F56EA /* LaunchScreen.storyboard in Resources */ = {isa = PBXBuildFile; fileRef = 88D8FDB22DF05E10009F56EA /* LaunchScreen.storyboard */; };
		88D8FDC02DF05F4E009F56EA /* CameraButton.swift in Sources */ = {isa = PBXBuildFile; fileRef = 88D8FDBF2DF05F4E009F56EA /* CameraButton.swift */; };
/* End PBXBuildFile section */

/* Begin PBXFileReference section */
		88D8FDA42DF05E0E009F56EA /* CameraButtonKit.app */ = {isa = PBXFileReference; explicitFileType = wrapper.application; includeInIndex = 0; path = CameraButtonKit.app; sourceTree = BUILT_PRODUCTS_DIR; };
		88D8FDA72DF05E0E009F56EA /* AppDelegate.swift */ = {isa = PBXFileReference; lastKnownFileType = sourcecode.swift; path = AppDelegate.swift; sourceTree = "<group>"; };
		88D8FDA92DF05E0E009F56EA /* SceneDelegate.swift */ = {isa = PBXFileReference; lastKnownFileType = sourcecode.swift; path = SceneDelegate.swift; sourceTree = "<group>"; };
		88D8FDAB2DF05E0E009F56EA /* ViewController.swift */ = {isa = PBXFileReference; lastKnownFileType = sourcecode.swift; path = ViewController.swift; sourceTree = "<group>"; };
		88D8FDAE2DF05E0E009F56EA /* Base */ = {isa = PBXFileReference; lastKnownFileType = file.storyboard; name = Base; path = Base.lproj/Main.storyboard; sourceTree = "<group>"; };
		88D8FDB02DF05E10009F56EA /* Assets.xcassets */ = {isa = PBXFileReference; lastKnownFileType = folder.assetcatalog; path = Assets.xcassets; sourceTree = "<group>"; };
		88D8FDB32DF05E10009F56EA /* Base */ = {isa = PBXFileReference; lastKnownFileType = file.storyboard; name = Base; path = Base.lproj/LaunchScreen.storyboard; sourceTree = "<group>"; };
		88D8FDB52DF05E10009F56EA /* Info.plist */ = {isa = PBXFileReference; lastKnownFileType = text.plist.xml; path = Info.plist; sourceTree = "<group>"; };
		88D8FDBF2DF05F4E009F56EA /* CameraButton.swift */ = {isa = PBXFileReference; fileEncoding = 4; lastKnownFileType = sourcecode.swift; path = CameraButton.swift; sourceTree = "<group>"; };
/* End PBXFileReference section */

/* Begin PBXFrameworksBuildPhase section */
		88D8FDA12DF05E0E009F56EA /* Frameworks */ = {
			isa = PBXFrameworksBuildPhase;
			buildActionMask = 2147483647;
			files = (
			);
			runOnlyForDeploymentPostprocessing = 0;
		};
/* End PBXFrameworksBuildPhase section */

/* Begin PBXGroup section */
		88D8FD9B2DF05E0D009F56EA = {
			isa = PBXGroup;
			children = (
				88D8FDA62DF05E0E009F56EA /* CameraButtonKit */,
				88D8FDA52DF05E0E009F56EA /* Products */,
			);
			sourceTree = "<group>";
		};
		88D8FDA52DF05E0E009F56EA /* Products */ = {
			isa = PBXGroup;
			children = (
				88D8FDA42DF05E0E009F56EA /* CameraButtonKit.app */,
			);
			name = Products;
			sourceTree = "<group>";
		};
		88D8FDA62DF05E0E009F56EA /* CameraButtonKit */ = {
			isa = PBXGroup;
			children = (
				88D8FDA72DF05E0E009F56EA /* AppDelegate.swift */,
				88D8FDA92DF05E0E009F56EA /* SceneDelegate.swift */,
				88D8FDBE2DF05F38009F56EA /* Source */,
				88D8FDBB2DF05EE0009F56EA /* Controller */,
				88D8FDBC2DF05EEC009F56EA /* View */,
				88D8FDBD2DF05F25009F56EA /* Resources */,
				88D8FDB52DF05E10009F56EA /* Info.plist */,
			);
			path = CameraButtonKit;
			sourceTree = "<group>";
		};
		88D8FDBB2DF05EE0009F56EA /* Controller */ = {
			isa = PBXGroup;
			children = (
				88D8FDAB2DF05E0E009F56EA /* ViewController.swift */,
			);
			path = Controller;
			sourceTree = "<group>";
		};
		88D8FDBC2DF05EEC009F56EA /* View */ = {
			isa = PBXGroup;
			children = (
				88D8FDAD2DF05E0E009F56EA /* Main.storyboard */,
				88D8FDB22DF05E10009F56EA /* LaunchScreen.storyboard */,
			);
			path = View;
			sourceTree = "<group>";
		};
		88D8FDBD2DF05F25009F56EA /* Resources */ = {
			isa = PBXGroup;
			children = (
				88D8FDB02DF05E10009F56EA /* Assets.xcassets */,
			);
			path = Resources;
			sourceTree = "<group>";
		};
		88D8FDBE2DF05F38009F56EA /* Source */ = {
			isa = PBXGroup;
			children = (
				88D8FDBF2DF05F4E009F56EA /* CameraButton.swift */,
			);
			path = Source;
			sourceTree = "<group>";
		};
/* End PBXGroup section */

/* Begin PBXNativeTarget section */
		88D8FDA32DF05E0E009F56EA /* CameraButtonKit */ = {
			isa = PBXNativeTarget;
			buildConfigurationList = 88D8FDB82DF05E10009F56EA /* Build configuration list for PBXNativeTarget "CameraButtonKit" */;
			buildPhases = (
				88D8FDA02DF05E0E009F56EA /* Sources */,
				88D8FDA12DF05E0E009F56EA /* Frameworks */,
				88D8FDA22DF05E0E009F56EA /* Resources */,
			);
			buildRules = (
			);
			dependencies = (
			);
			name = CameraButtonKit;
			productName = CameraButtonKit;
			productReference = 88D8FDA42DF05E0E009F56EA /* CameraButtonKit.app */;
			productType = "com.apple.product-type.application";
		};
/* End PBXNativeTarget section */

/* Begin PBXProject section */
		88D8FD9C2DF05E0D009F56EA /* Project object */ = {
			isa = PBXProject;
			attributes = {
				BuildIndependentTargetsInParallel = 1;
				LastSwiftUpdateCheck = 1520;
				LastUpgradeCheck = 1520;
				TargetAttributes = {
					88D8FDA32DF05E0E009F56EA = {
						CreatedOnToolsVersion = 15.2;
					};
				};
			};
			buildConfigurationList = 88D8FD9F2DF05E0D009F56EA /* Build configuration list for PBXProject "CameraButtonKit" */;
			compatibilityVersion = "Xcode 14.0";
			developmentRegion = en;
			hasScannedForEncodings = 0;
			knownRegions = (
				en,
				Base,
			);
			mainGroup = 88D8FD9B2DF05E0D009F56EA;
			productRefGroup = 88D8FDA52DF05E0E009F56EA /* Products */;
			projectDirPath = "";
			projectRoot = "";
			targets = (
				88D8FDA32DF05E0E009F56EA /* CameraButtonKit */,
			);
		};
/* End PBXProject section */

/* Begin PBXResourcesBuildPhase section */
		88D8FDA22DF05E0E009F56EA /* Resources */ = {
			isa = PBXResourcesBuildPhase;
			buildActionMask = 2147483647;
			files = (
				88D8FDB42DF05E10009F56EA /* LaunchScreen.storyboard in Resources */,
				88D8FDB12DF05E10009F56EA /* Assets.xcassets in Resources */,
				88D8FDAF2DF05E0E009F56EA /* Main.storyboard in Resources */,
			);
			runOnlyForDeploymentPostprocessing = 0;
		};
/* End PBXResourcesBuildPhase section */

/* Begin PBXSourcesBuildPhase section */
		88D8FDA02DF05E0E009F56EA /* Sources */ = {
			isa = PBXSourcesBuildPhase;
			buildActionMask = 2147483647;
			files = (
				88D8FDAC2DF05E0E009F56EA /* ViewController.swift in Sources */,
				88D8FDA82DF05E0E009F56EA /* AppDelegate.swift in Sources */,
				88D8FDC02DF05F4E009F56EA /* CameraButton.swift in Sources */,
				88D8FDAA2DF05E0E009F56EA /* SceneDelegate.swift in Sources */,
			);
			runOnlyForDeploymentPostprocessing = 0;
		};
/* End PBXSourcesBuildPhase section */

/* Begin PBXVariantGroup section */
		88D8FDAD2DF05E0E009F56EA /* Main.storyboard */ = {
			isa = PBXVariantGroup;
			children = (
				88D8FDAE2DF05E0E009F56EA /* Base */,
			);
			name = Main.storyboard;
			sourceTree = "<group>";
		};
		88D8FDB22DF05E10009F56EA /* LaunchScreen.storyboard */ = {
			isa = PBXVariantGroup;
			children = (
				88D8FDB32DF05E10009F56EA /* Base */,
			);
			name = LaunchScreen.storyboard;
			sourceTree = "<group>";
		};
/* End PBXVariantGroup section */

/* Begin XCBuildConfiguration section */
		88D8FDB62DF05E10009F56EA /* Debug */ = {
			isa = XCBuildConfiguration;
			buildSettings = {
				ALWAYS_SEARCH_USER_PATHS = NO;
				ASSETCATALOG_COMPILER_GENERATE_SWIFT_ASSET_SYMBOL_EXTENSIONS = YES;
				CLANG_ANALYZER_NONNULL = YES;
				CLANG_ANALYZER_NUMBER_OBJECT_CONVERSION = YES_AGGRESSIVE;
				CLANG_CXX_LANGUAGE_STANDARD = "gnu++20";
				CLANG_ENABLE_MODULES = YES;
				CLANG_ENABLE_OBJC_ARC = YES;
				CLANG_ENABLE_OBJC_WEAK = YES;
				CLANG_WARN_BLOCK_CAPTURE_AUTORELEASING = YES;
				CLANG_WARN_BOOL_CONVERSION = YES;
				CLANG_WARN_COMMA = YES;
				CLANG_WARN_CONSTANT_CONVERSION = YES;
				CLANG_WARN_DEPRECATED_OBJC_IMPLEMENTATIONS = YES;
				CLANG_WARN_DIRECT_OBJC_ISA_USAGE = YES_ERROR;
				CLANG_WARN_DOCUMENTATION_COMMENTS = YES;
				CLANG_WARN_EMPTY_BODY = YES;
				CLANG_WARN_ENUM_CONVERSION = YES;
				CLANG_WARN_INFINITE_RECURSION = YES;
				CLANG_WARN_INT_CONVERSION = YES;
				CLANG_WARN_NON_LITERAL_NULL_CONVERSION = YES;
				CLANG_WARN_OBJC_IMPLICIT_RETAIN_SELF = YES;
				CLANG_WARN_OBJC_LITERAL_CONVERSION = YES;
				CLANG_WARN_OBJC_ROOT_CLASS = YES_ERROR;
				CLANG_WARN_QUOTED_INCLUDE_IN_FRAMEWORK_HEADER = YES;
				CLANG_WARN_RANGE_LOOP_ANALYSIS = YES;
				CLANG_WARN_STRICT_PROTOTYPES = YES;
				CLANG_WARN_SUSPICIOUS_MOVE = YES;
				CLANG_WARN_UNGUARDED_AVAILABILITY = YES_AGGRESSIVE;
				CLANG_WARN_UNREACHABLE_CODE = YES;
				CLANG_WARN__DUPLICATE_METHOD_MATCH = YES;
				COPY_PHASE_STRIP = NO;
				DEBUG_INFORMATION_FORMAT = dwarf;
				ENABLE_STRICT_OBJC_MSGSEND = YES;
				ENABLE_TESTABILITY = YES;
				ENABLE_USER_SCRIPT_SANDBOXING = YES;
				GCC_C_LANGUAGE_STANDARD = gnu17;
				GCC_DYNAMIC_NO_PIC = NO;
				GCC_NO_COMMON_BLOCKS = YES;
				GCC_OPTIMIZATION_LEVEL = 0;
				GCC_PREPROCESSOR_DEFINITIONS = (
					"DEBUG=1",
					"$(inherited)",
				);
				GCC_WARN_64_TO_32_BIT_CONVERSION = YES;
				GCC_WARN_ABOUT_RETURN_TYPE = YES_ERROR;
				GCC_WARN_UNDECLARED_SELECTOR = YES;
				GCC_WARN_UNINITIALIZED_AUTOS = YES_AGGRESSIVE;
				GCC_WARN_UNUSED_FUNCTION = YES;
				GCC_WARN_UNUSED_VARIABLE = YES;
				IPHONEOS_DEPLOYMENT_TARGET = 13.0;
				LOCALIZATION_PREFERS_STRING_CATALOGS = YES;
				MTL_ENABLE_DEBUG_INFO = INCLUDE_SOURCE;
				MTL_FAST_MATH = YES;
				ONLY_ACTIVE_ARCH = YES;
				SDKROOT = iphoneos;
				SWIFT_ACTIVE_COMPILATION_CONDITIONS = "DEBUG $(inherited)";
				SWIFT_OPTIMIZATION_LEVEL = "-Onone";
			};
			name = Debug;
		};
		88D8FDB72DF05E10009F56EA /* Release */ = {
			isa = XCBuildConfiguration;
			buildSettings = {
				ALWAYS_SEARCH_USER_PATHS = NO;
				ASSETCATALOG_COMPILER_GENERATE_SWIFT_ASSET_SYMBOL_EXTENSIONS = YES;
				CLANG_ANALYZER_NONNULL = YES;
				CLANG_ANALYZER_NUMBER_OBJECT_CONVERSION = YES_AGGRESSIVE;
				CLANG_CXX_LANGUAGE_STANDARD = "gnu++20";
				CLANG_ENABLE_MODULES = YES;
				CLANG_ENABLE_OBJC_ARC = YES;
				CLANG_ENABLE_OBJC_WEAK = YES;
				CLANG_WARN_BLOCK_CAPTURE_AUTORELEASING = YES;
				CLANG_WARN_BOOL_CONVERSION = YES;
				CLANG_WARN_COMMA = YES;
				CLANG_WARN_CONSTANT_CONVERSION = YES;
				CLANG_WARN_DEPRECATED_OBJC_IMPLEMENTATIONS = YES;
				CLANG_WARN_DIRECT_OBJC_ISA_USAGE = YES_ERROR;
				CLANG_WARN_DOCUMENTATION_COMMENTS = YES;
				CLANG_WARN_EMPTY_BODY = YES;
				CLANG_WARN_ENUM_CONVERSION = YES;
				CLANG_WARN_INFINITE_RECURSION = YES;
				CLANG_WARN_INT_CONVERSION = YES;
				CLANG_WARN_NON_LITERAL_NULL_CONVERSION = YES;
				CLANG_WARN_OBJC_IMPLICIT_RETAIN_SELF = YES;
				CLANG_WARN_OBJC_LITERAL_CONVERSION = YES;
				CLANG_WARN_OBJC_ROOT_CLASS = YES_ERROR;
				CLANG_WARN_QUOTED_INCLUDE_IN_FRAMEWORK_HEADER = YES;
				CLANG_WARN_RANGE_LOOP_ANALYSIS = YES;
				CLANG_WARN_STRICT_PROTOTYPES = YES;
				CLANG_WARN_SUSPICIOUS_MOVE = YES;
				CLANG_WARN_UNGUARDED_AVAILABILITY = YES_AGGRESSIVE;
				CLANG_WARN_UNREACHABLE_CODE = YES;
				CLANG_WARN__DUPLICATE_METHOD_MATCH = YES;
				COPY_PHASE_STRIP = NO;
				DEBUG_INFORMATION_FORMAT = "dwarf-with-dsym";
				ENABLE_NS_ASSERTIONS = NO;
				ENABLE_STRICT_OBJC_MSGSEND = YES;
				ENABLE_USER_SCRIPT_SANDBOXING = YES;
				GCC_C_LANGUAGE_STANDARD = gnu17;
				GCC_NO_COMMON_BLOCKS = YES;
				GCC_WARN_64_TO_32_BIT_CONVERSION = YES;
				GCC_WARN_ABOUT_RETURN_TYPE = YES_ERROR;
				GCC_WARN_UNDECLARED_SELECTOR = YES;
				GCC_WARN_UNINITIALIZED_AUTOS = YES_AGGRESSIVE;
				GCC_WARN_UNUSED_FUNCTION = YES;
				GCC_WARN_UNUSED_VARIABLE = YES;
				IPHONEOS_DEPLOYMENT_TARGET = 13.0;
				LOCALIZATION_PREFERS_STRING_CATALOGS = YES;
				MTL_ENABLE_DEBUG_INFO = NO;
				MTL_FAST_MATH = YES;
				SDKROOT = iphoneos;
				SWIFT_COMPILATION_MODE = wholemodule;
				VALIDATE_PRODUCT = YES;
			};
			name = Release;
		};
		88D8FDB92DF05E10009F56EA /* Debug */ = {
			isa = XCBuildConfiguration;
			buildSettings = {
				ASSETCATALOG_COMPILER_APPICON_NAME = AppIcon;
				ASSETCATALOG_COMPILER_GLOBAL_ACCENT_COLOR_NAME = AccentColor;
				CODE_SIGN_STYLE = Automatic;
				CURRENT_PROJECT_VERSION = 1;
				GENERATE_INFOPLIST_FILE = YES;
				INFOPLIST_FILE = CameraButtonKit/Info.plist;
				INFOPLIST_KEY_UIApplicationSupportsIndirectInputEvents = YES;
				INFOPLIST_KEY_UILaunchStoryboardName = LaunchScreen;
				INFOPLIST_KEY_UIMainStoryboardFile = Main;
				INFOPLIST_KEY_UISupportedInterfaceOrientations = UIInterfaceOrientationPortrait;
				IPHONEOS_DEPLOYMENT_TARGET = 13.0;
				LD_RUNPATH_SEARCH_PATHS = (
					"$(inherited)",
					"@executable_path/Frameworks",
				);
				MARKETING_VERSION = 1.0;
				PRODUCT_BUNDLE_IDENTIFIER = com.jg.CameraButtonKit;
				PRODUCT_NAME = "$(TARGET_NAME)";
				SUPPORTED_PLATFORMS = "iphoneos iphonesimulator";
				SUPPORTS_MACCATALYST = NO;
				SUPPORTS_MAC_DESIGNED_FOR_IPHONE_IPAD = NO;
				SUPPORTS_XR_DESIGNED_FOR_IPHONE_IPAD = NO;
				SWIFT_EMIT_LOC_STRINGS = YES;
				SWIFT_VERSION = 5.0;
				TARGETED_DEVICE_FAMILY = 1;
			};
			name = Debug;
		};
		88D8FDBA2DF05E10009F56EA /* Release */ = {
			isa = XCBuildConfiguration;
			buildSettings = {
				ASSETCATALOG_COMPILER_APPICON_NAME = AppIcon;
				ASSETCATALOG_COMPILER_GLOBAL_ACCENT_COLOR_NAME = AccentColor;
				CODE_SIGN_STYLE = Automatic;
				CURRENT_PROJECT_VERSION = 1;
				GENERATE_INFOPLIST_FILE = YES;
				INFOPLIST_FILE = CameraButtonKit/Info.plist;
				INFOPLIST_KEY_UIApplicationSupportsIndirectInputEvents = YES;
				INFOPLIST_KEY_UILaunchStoryboardName = LaunchScreen;
				INFOPLIST_KEY_UIMainStoryboardFile = Main;
				INFOPLIST_KEY_UISupportedInterfaceOrientations = UIInterfaceOrientationPortrait;
				IPHONEOS_DEPLOYMENT_TARGET = 13.0;
				LD_RUNPATH_SEARCH_PATHS = (
					"$(inherited)",
					"@executable_path/Frameworks",
				);
				MARKETING_VERSION = 1.0;
				PRODUCT_BUNDLE_IDENTIFIER = com.jg.CameraButtonKit;
				PRODUCT_NAME = "$(TARGET_NAME)";
				SUPPORTED_PLATFORMS = "iphoneos iphonesimulator";
				SUPPORTS_MACCATALYST = NO;
				SUPPORTS_MAC_DESIGNED_FOR_IPHONE_IPAD = NO;
				SUPPORTS_XR_DESIGNED_FOR_IPHONE_IPAD = NO;
				SWIFT_EMIT_LOC_STRINGS = YES;
				SWIFT_VERSION = 5.0;
				TARGETED_DEVICE_FAMILY = 1;
			};
			name = Release;
		};
/* End XCBuildConfiguration section */

/* Begin XCConfigurationList section */
		88D8FD9F2DF05E0D009F56EA /* Build configuration list for PBXProject "CameraButtonKit" */ = {
			isa = XCConfigurationList;
			buildConfigurations = (
				88D8FDB62DF05E10009F56EA /* Debug */,
				88D8FDB72DF05E10009F56EA /* Release */,
			);
			defaultConfigurationIsVisible = 0;
			defaultConfigurationName = Release;
		};
		88D8FDB82DF05E10009F56EA /* Build configuration list for PBXNativeTarget "CameraButtonKit" */ = {
			isa = XCConfigurationList;
			buildConfigurations = (
				88D8FDB92DF05E10009F56EA /* Debug */,
				88D8FDBA2DF05E10009F56EA /* Release */,
			);
			defaultConfigurationIsVisible = 0;
			defaultConfigurationName = Release;
		};
/* End XCConfigurationList section */
	};
	rootObject = 88D8FD9C2DF05E0D009F56EA /* Project object */;
}
